
Microsoft Visual Studio Solution File, Format Version 12.00
# Visual Studio Version 17
VisualStudioVersion = 17.0.31808.319
MinimumVisualStudioVersion = 10.0.40219.1
Project("{8BC9CEB8-8B4A-11D0-8D11-00A0C91BC942}") = "Template Binary Search Tree", "Template Binary Search Tree\Template Binary Search Tree.vcxproj", "{19316E46-FC6E-434D-8FE4-15A916946B80}"
EndProject
Global
	GlobalSection(SolutionConfigurationPlatforms) = preSolution
		Debug|x64 = Debug|x64
		Debug|x86 = Debug|x86
		Release|x64 = Release|x64
		Release|x86 = Release|x86
	EndGlobalSection
	GlobalSection(ProjectConfigurationPlatforms) = postSolution
		{19316E46-FC6E-434D-8FE4-15A916946B80}.Debug|x64.ActiveCfg = Debug|x64
		{19316E46-FC6E-434D-8FE4-15A916946B80}.Debug|x64.Build.0 = Debug|x64
		{19316E46-FC6E-434D-8FE4-15A916946B80}.Debug|x86.ActiveCfg = Debug|Win32
		{19316E46-FC6E-434D-8FE4-15A916946B80}.Debug|x86.Build.0 = Debug|Win32
		{19316E46-FC6E-434D-8FE4-15A916946B80}.Release|x64.ActiveCfg = Release|x64
		{19316E46-FC6E-434D-8FE4-15A916946B80}.Release|x64.Build.0 = Release|x64
		{19316E46-FC6E-434D-8FE4-15A916946B80}.Release|x86.ActiveCfg = Release|Win32
		{19316E46-FC6E-434D-8FE4-15A916946B80}.Release|x86.Build.0 = Release|Win32
	EndGlobalSection
	GlobalSection(SolutionProperties) = preSolution
		HideSolutionNode = FALSE
	EndGlobalSection
	GlobalSection(ExtensibilityGlobals) = postSolution
		SolutionGuid = {09482EA3-45A8-4B5E-9DBE-7E41F833CCC7}
	EndGlobalSection
EndGlobal
